
Microsoft Visual Studio Solution File, Format Version 12.00
# Visual Studio Version 16
VisualStudioVersion = 16.0.31129.286
MinimumVisualStudioVersion = 10.0.40219.1
Project("{9A19103F-16F7-4668-BE54-9A1E7A4F7556}") = "FlixOne", "FlixOne\FlixOne.csproj", "{2633622D-FECE-458F-847B-305DFFB43026}"
EndProject
Project("{FAE04EC0-301F-11D3-BF4B-00C04F79EFBC}") = "FlixOne.Tests", "FlixOne.Tests\FlixOne.Tests.csproj", "{B09278C2-088C-4D38-B4BD-1A63E6116B03}"
EndProject
Global
	GlobalSection(SolutionConfigurationPlatforms) = preSolution
		Debug|Any CPU = Debug|Any CPU
		Release|Any CPU = Release|Any CPU
	EndGlobalSection
	GlobalSection(ProjectConfigurationPlatforms) = postSolution
		{2633622D-FECE-458F-847B-305DFFB43026}.Debug|Any CPU.ActiveCfg = Debug|Any CPU
		{2633622D-FECE-458F-847B-305DFFB43026}.Debug|Any CPU.Build.0 = Debug|Any CPU
		{2633622D-FECE-458F-847B-305DFFB43026}.Release|Any CPU.ActiveCfg = Release|Any CPU
		{2633622D-FECE-458F-847B-305DFFB43026}.Release|Any CPU.Build.0 = Release|Any CPU
		{B09278C2-088C-4D38-B4BD-1A63E6116B03}.Debug|Any CPU.ActiveCfg = Debug|Any CPU
		{B09278C2-088C-4D38-B4BD-1A63E6116B03}.Debug|Any CPU.Build.0 = Debug|Any CPU
		{B09278C2-088C-4D38-B4BD-1A63E6116B03}.Release|Any CPU.ActiveCfg = Release|Any CPU
		{B09278C2-088C-4D38-B4BD-1A63E6116B03}.Release|Any CPU.Build.0 = Release|Any CPU
	EndGlobalSection
	GlobalSection(SolutionProperties) = preSolution
		HideSolutionNode = FALSE
	EndGlobalSection
	GlobalSection(ExtensibilityGlobals) = postSolution
		SolutionGuid = {1C021C20-C299-40CE-BC77-E73529209ADD}
	EndGlobalSection
EndGlobal
